{
  "name": "modern-tooltip-demo",
  "version": "1.0.0",
  "lockfileVersion": 3,
  "requires": true,
  "packages": {
    "": {
      "name": "modern-tooltip-demo",
      "version": "1.0.0",
      "license": "ISC",
      "dependencies": {
        "@oddbird/css-anchor-positioning": "^0.8.0",
        "@oddbird/popover-polyfill": "^0.6.1",
        "interestfor": "^1.0.7"
      }
    },
    "node_modules/@floating-ui/core": {
      "version": "1.7.4",
      "resolved": "https://registry.npmjs.org/@floating-ui/core/-/core-1.7.4.tgz",
      "integrity": "sha512-C3HlIdsBxszvm5McXlB8PeOEWfBhcGBTZGkGlWc2U0KFY5IwG5OQEuQ8rq52DZmcHDlPLd+YFBK+cZcytwIFWg==",
      "license": "MIT",
      "dependencies": {
        "@floating-ui/utils": "^0.2.10"
      }
    },
    "node_modules/@floating-ui/dom": {
      "version": "1.7.5",
      "resolved": "https://registry.npmjs.org/@floating-ui/dom/-/dom-1.7.5.tgz",
      "integrity": "sha512-N0bD2kIPInNHUHehXhMke1rBGs1dwqvC9O9KYMyyjK7iXt7GAhnro7UlcuYcGdS/yYOlq0MAVgrow8IbWJwyqg==",
      "license": "MIT",
      "dependencies": {
        "@floating-ui/core": "^1.7.4",
        "@floating-ui/utils": "^0.2.10"
      }
    },
    "node_modules/@floating-ui/utils": {
      "version": "0.2.10",
      "resolved": "https://registry.npmjs.org/@floating-ui/utils/-/utils-0.2.10.tgz",
      "integrity": "sha512-aGTxbpbg8/b5JfU1HXSrbH3wXZuLPJcNEcZQFMxLs3oSzgtVu6nFPkbbGGUvBcUjKV2YyB9Wxxabo+HEH9tcRQ==",
      "license": "MIT"
    },
    "node_modules/@oddbird/css-anchor-positioning": {
      "version": "0.8.0",
      "resolved": "https://registry.npmjs.org/@oddbird/css-anchor-positioning/-/css-anchor-positioning-0.8.0.tgz",
      "integrity": "sha512-1jsUAUANdwaxQ7eQtQ7MBdv6okLBb6ByG2j4xNyNB/iBxFw7cfpiNIn5mMI2dlWsazK05pQWwQqUxpd4q/ANaQ==",
      "license": "BSD-3-Clause",
      "dependencies": {
        "@floating-ui/dom": "^1.7.4",
        "@types/css-tree": "^2.3.11",
        "css-tree": "^3.1.0",
        "nanoid": "^5.1.6"
      }
    },
    "node_modules/@oddbird/popover-polyfill": {
      "version": "0.6.1",
      "resolved": "https://registry.npmjs.org/@oddbird/popover-polyfill/-/popover-polyfill-0.6.1.tgz",
      "integrity": "sha512-Papau51NPG+NajXvoEHCNT1CBJv4WIyvIGfH5gpJPLL8MZJt/4giC0jJ/mNZRtJmdzRuXWpUFB6QxkJa1RvMAQ==",
      "license": "BSD-3-Clause"
    },
    "node_modules/@types/css-tree": {
      "version": "2.3.11",
      "resolved": "https://registry.npmjs.org/@types/css-tree/-/css-tree-2.3.11.tgz",
      "integrity": "sha512-aEokibJOI77uIlqoBOkVbaQGC9zII0A+JH1kcTNKW2CwyYWD8KM6qdo+4c77wD3wZOQfJuNWAr9M4hdk+YhDIg==",
      "license": "MIT"
    },
    "node_modules/css-tree": {
      "version": "3.1.0",
      "resolved": "https://registry.npmjs.org/css-tree/-/css-tree-3.1.0.tgz",
      "integrity": "sha512-0eW44TGN5SQXU1mWSkKwFstI/22X2bG1nYzZTYMAWjylYURhse752YgbE4Cx46AC+bAvI+/dYTPRk1LqSUnu6w==",
      "license": "MIT",
      "dependencies": {
        "mdn-data": "2.12.2",
        "source-map-js": "^1.0.1"
      },
      "engines": {
        "node": "^10 || ^12.20.0 || ^14.13.0 || >=15.0.0"
      }
    },
    "node_modules/interestfor": {
      "version": "1.0.7",
      "resolved": "https://registry.npmjs.org/interestfor/-/interestfor-1.0.7.tgz",
      "integrity": "sha512-qJaN6JMrAjiA+aQ6TkQemZhLx5E8kGI9s0yXAJJbQHSKs0iBKrDc5nMNgGqH1V4x0ZveFJjVbmText/zTI7ZBg==",
      "license": "BSD-3-Clause"
    },
    "node_modules/mdn-data": {
      "version": "2.12.2",
      "resolved": "https://registry.npmjs.org/mdn-data/-/mdn-data-2.12.2.tgz",
      "integrity": "sha512-IEn+pegP1aManZuckezWCO+XZQDplx1366JoVhTpMpBB1sPey/SbveZQUosKiKiGYjg1wH4pMlNgXbCiYgihQA==",
      "license": "CC0-1.0"
    },
    "node_modules/nanoid": {
      "version": "5.1.6",
      "resolved": "https://registry.npmjs.org/nanoid/-/nanoid-5.1.6.tgz",
      "integrity": "sha512-c7+7RQ+dMB5dPwwCp4ee1/iV/q2P6aK1mTZcfr1BTuVlyW9hJYiMPybJCcnBlQtuSmTIWNeazm/zqNoZSSElBg==",
      "funding": [
        {
          "type": "github",
          "url": "https://github.com/sponsors/ai"
        }
      ],
      "license": "MIT",
      "bin": {
        "nanoid": "bin/nanoid.js"
      },
      "engines": {
        "node": "^18 || >=20"
      }
    },
    "node_modules/source-map-js": {
      "version": "1.2.1",
      "resolved": "https://registry.npmjs.org/source-map-js/-/source-map-js-1.2.1.tgz",
      "integrity": "sha512-UXWMKhLOwVKb728IUtQPXxfYU+usdybtUrK/8uGE8CQMvrhOpwvzDBwj0QhSL7MQc7vIsISBG8VQ8+IDQxpfQA==",
      "license": "BSD-3-Clause",
      "engines": {
        "node": ">=0.10.0"
      }
    }
  }
}
